// !$*UTF8*$!
{
	archiveVersion = 1;
	classes = {
	};
	objectVersion = 46;
	objects = {

/* Begin PBXBuildFile section */
		293A7D351CA7A85D009A792E /* AppDelegate.swift in Sources */ = {isa = PBXBuildFile; fileRef = 293A7D341CA7A85D009A792E /* AppDelegate.swift */; };
		293A7D371CA7A85D009A792E /* ViewController.swift in Sources */ = {isa = PBXBuildFile; fileRef = 293A7D361CA7A85D009A792E /* ViewController.swift */; };
		293A7D3C1CA7A85D009A792E /* Assets.xcassets in Resources */ = {isa = PBXBuildFile; fileRef = 293A7D3B1CA7A85D009A792E /* Assets.xcassets */; };
		293A7D3F1CA7A85D009A792E /* LaunchScreen.storyboard in Resources */ = {isa = PBXBuildFile; fileRef = 293A7D3D1CA7A85D009A792E /* LaunchScreen.storyboard */; };
		293A7D4A1CA7A85D009A792E /* DronTests.swift in Sources */ = {isa = PBXBuildFile; fileRef = 293A7D491CA7A85D009A792E /* DronTests.swift */; };
		293A7D551CA7A85D009A792E /* DronUITests.swift in Sources */ = {isa = PBXBuildFile; fileRef = 293A7D541CA7A85D009A792E /* DronUITests.swift */; };
		296E87921CC6C7490058B246 /* Main.storyboard in Resources */ = {isa = PBXBuildFile; fileRef = 296E87901CC6C7490058B246 /* Main.storyboard */; };
		296E87941CC739000058B246 /* VC_SettingMenu.swift in Sources */ = {isa = PBXBuildFile; fileRef = 296E87931CC739000058B246 /* VC_SettingMenu.swift */; };
		29BC9BC01CC6C40900AC2DEE /* VC_ConnectMenu.swift in Sources */ = {isa = PBXBuildFile; fileRef = 29BC9BBF1CC6C40900AC2DEE /* VC_ConnectMenu.swift */; };
/* End PBXBuildFile section */

/* Begin PBXContainerItemProxy section */
		293A7D461CA7A85D009A792E /* PBXContainerItemProxy */ = {
			isa = PBXContainerItemProxy;
			containerPortal = 293A7D291CA7A85D009A792E /* Project object */;
			proxyType = 1;
			remoteGlobalIDString = 293A7D301CA7A85D009A792E;
			remoteInfo = Dron;
		};
		293A7D511CA7A85D009A792E /* PBXContainerItemProxy */ = {
			isa = PBXContainerItemProxy;
			containerPortal = 293A7D291CA7A85D009A792E /* Project object */;
			proxyType = 1;
			remoteGlobalIDString = 293A7D301CA7A85D009A792E;
			remoteInfo = Dron;
		};
/* End PBXContainerItemProxy section */

/* Begin PBXFileReference section */
		293A7D311CA7A85D009A792E /* Dron.app */ = {isa = PBXFileReference; explicitFileType = wrapper.application; includeInIndex = 0; path = Dron.app; sourceTree = BUILT_PRODUCTS_DIR; };
		293A7D341CA7A85D009A792E /* AppDelegate.swift */ = {isa = PBXFileReference; lastKnownFileType = sourcecode.swift; path = AppDelegate.swift; sourceTree = "<group>"; };
		293A7D361CA7A85D009A792E /* ViewController.swift */ = {isa = PBXFileReference; lastKnownFileType = sourcecode.swift; path = ViewController.swift; sourceTree = "<group>"; };
		293A7D3B1CA7A85D009A792E /* Assets.xcassets */ = {isa = PBXFileReference; lastKnownFileType = folder.assetcatalog; path = Assets.xcassets; sourceTree = "<group>"; };
		293A7D3E1CA7A85D009A792E /* Base */ = {isa = PBXFileReference; lastKnownFileType = file.storyboard; name = Base; path = Base.lproj/LaunchScreen.storyboard; sourceTree = "<group>"; };
		293A7D401CA7A85D009A792E /* Info.plist */ = {isa = PBXFileReference; lastKnownFileType = text.plist.xml; path = Info.plist; sourceTree = "<group>"; };
		293A7D451CA7A85D009A792E /* DronTests.xctest */ = {isa = PBXFileReference; explicitFileType = wrapper.cfbundle; includeInIndex = 0; path = DronTests.xctest; sourceTree = BUILT_PRODUCTS_DIR; };
		293A7D491CA7A85D009A792E /* DronTests.swift */ = {isa = PBXFileReference; lastKnownFileType = sourcecode.swift; path = DronTests.swift; sourceTree = "<group>"; };
		293A7D4B1CA7A85D009A792E /* Info.plist */ = {isa = PBXFileReference; lastKnownFileType = text.plist.xml; path = Info.plist; sourceTree = "<group>"; };
		293A7D501CA7A85D009A792E /* DronUITests.xctest */ = {isa = PBXFileReference; explicitFileType = wrapper.cfbundle; includeInIndex = 0; path = DronUITests.xctest; sourceTree = BUILT_PRODUCTS_DIR; };
		293A7D541CA7A85D009A792E /* DronUITests.swift */ = {isa = PBXFileReference; lastKnownFileType = sourcecode.swift; path = DronUITests.swift; sourceTree = "<group>"; };
		293A7D561CA7A85D009A792E /* Info.plist */ = {isa = PBXFileReference; lastKnownFileType = text.plist.xml; path = Info.plist; sourceTree = "<group>"; };
		296E87911CC6C7490058B246 /* Base */ = {isa = PBXFileReference; lastKnownFileType = file.storyboard; name = Base; path = Base.lproj/Main.storyboard; sourceTree = "<group>"; };
		296E87931CC739000058B246 /* VC_SettingMenu.swift */ = {isa = PBXFileReference; fileEncoding = 4; lastKnownFileType = sourcecode.swift; path = VC_SettingMenu.swift; sourceTree = "<group>"; };
		29BC9BBF1CC6C40900AC2DEE /* VC_ConnectMenu.swift */ = {isa = PBXFileReference; fileEncoding = 4; lastKnownFileType = sourcecode.swift; path = VC_ConnectMenu.swift; sourceTree = "<group>"; };
/* End PBXFileReference section */

/* Begin PBXFrameworksBuildPhase section */
		293A7D2E1CA7A85D009A792E /* Frameworks */ = {
			isa = PBXFrameworksBuildPhase;
			buildActionMask = 2147483647;
			files = (
			);
			runOnlyForDeploymentPostprocessing = 0;
		};
		293A7D421CA7A85D009A792E /* Frameworks */ = {
			isa = PBXFrameworksBuildPhase;
			buildActionMask = 2147483647;
			files = (
			);
			runOnlyForDeploymentPostprocessing = 0;
		};
		293A7D4D1CA7A85D009A792E /* Frameworks */ = {
			isa = PBXFrameworksBuildPhase;
			buildActionMask = 2147483647;
			files = (
			);
			runOnlyForDeploymentPostprocessing = 0;
		};
/* End PBXFrameworksBuildPhase section */

/* Begin PBXGroup section */
		293A7D281CA7A85D009A792E = {
			isa = PBXGroup;
			children = (
				293A7D331CA7A85D009A792E /* Dron */,
				293A7D481CA7A85D009A792E /* DronTests */,
				293A7D531CA7A85D009A792E /* DronUITests */,
				293A7D321CA7A85D009A792E /* Products */,
			);
			sourceTree = "<group>";
		};
		293A7D321CA7A85D009A792E /* Products */ = {
			isa = PBXGroup;
			children = (
				293A7D311CA7A85D009A792E /* Dron.app */,
				293A7D451CA7A85D009A792E /* DronTests.xctest */,
				293A7D501CA7A85D009A792E /* DronUITests.xctest */,
			);
			name = Products;
			sourceTree = "<group>";
		};
		293A7D331CA7A85D009A792E /* Dron */ = {
			isa = PBXGroup;
			children = (
				293A7D341CA7A85D009A792E /* AppDelegate.swift */,
				293A7D361CA7A85D009A792E /* ViewController.swift */,
				293A7D3B1CA7A85D009A792E /* Assets.xcassets */,
				296E87901CC6C7490058B246 /* Main.storyboard */,
				293A7D3D1CA7A85D009A792E /* LaunchScreen.storyboard */,
				293A7D401CA7A85D009A792E /* Info.plist */,
				29BC9BBF1CC6C40900AC2DEE /* VC_ConnectMenu.swift */,
				296E87931CC739000058B246 /* VC_SettingMenu.swift */,
			);
			path = Dron;
			sourceTree = "<group>";
		};
		293A7D481CA7A85D009A792E /* DronTests */ = {
			isa = PBXGroup;
			children = (
				293A7D491CA7A85D009A792E /* DronTests.swift */,
				293A7D4B1CA7A85D009A792E /* Info.plist */,
			);
			path = DronTests;
			sourceTree = "<group>";
		};
		293A7D531CA7A85D009A792E /* DronUITests */ = {
			isa = PBXGroup;
			children = (
				293A7D541CA7A85D009A792E /* DronUITests.swift */,
				293A7D561CA7A85D009A792E /* Info.plist */,
			);
			path = DronUITests;
			sourceTree = "<group>";
		};
/* End PBXGroup section */

/* Begin PBXNativeTarget section */
		293A7D301CA7A85D009A792E /* Dron */ = {
			isa = PBXNativeTarget;
			buildConfigurationList = 293A7D591CA7A85D009A792E /* Build configuration list for PBXNativeTarget "Dron" */;
			buildPhases = (
				293A7D2D1CA7A85D009A792E /* Sources */,
				293A7D2E1CA7A85D009A792E /* Frameworks */,
				293A7D2F1CA7A85D009A792E /* Resources */,
			);
			buildRules = (
			);
			dependencies = (
			);
			name = Dron;
			productName = Dron;
			productReference = 293A7D311CA7A85D009A792E /* Dron.app */;
			productType = "com.apple.product-type.application";
		};
		293A7D441CA7A85D009A792E /* DronTests */ = {
			isa = PBXNativeTarget;
			buildConfigurationList = 293A7D5C1CA7A85D009A792E /* Build configuration list for PBXNativeTarget "DronTests" */;
			buildPhases = (
				293A7D411CA7A85D009A792E /* Sources */,
				293A7D421CA7A85D009A792E /* Frameworks */,
				293A7D431CA7A85D009A792E /* Resources */,
			);
			buildRules = (
			);
			dependencies = (
				293A7D471CA7A85D009A792E /* PBXTargetDependency */,
			);
			name = DronTests;
			productName = DronTests;
			productReference = 293A7D451CA7A85D009A792E /* DronTests.xctest */;
			productType = "com.apple.product-type.bundle.unit-test";
		};
		293A7D4F1CA7A85D009A792E /* DronUITests */ = {
			isa = PBXNativeTarget;
			buildConfigurationList = 293A7D5F1CA7A85D009A792E /* Build configuration list for PBXNativeTarget "DronUITests" */;
			buildPhases = (
				293A7D4C1CA7A85D009A792E /* Sources */,
				293A7D4D1CA7A85D009A792E /* Frameworks */,
				293A7D4E1CA7A85D009A792E /* Resources */,
			);
			buildRules = (
			);
			dependencies = (
				293A7D521CA7A85D009A792E /* PBXTargetDependency */,
			);
			name = DronUITests;
			productName = DronUITests;
			productReference = 293A7D501CA7A85D009A792E /* DronUITests.xctest */;
			productType = "com.apple.product-type.bundle.ui-testing";
		};
/* End PBXNativeTarget section */

/* Begin PBXProject section */
		293A7D291CA7A85D009A792E /* Project object */ = {
			isa = PBXProject;
			attributes = {
				LastSwiftUpdateCheck = 0720;
				LastUpgradeCheck = 0720;
				ORGANIZATIONNAME = TwoEngineer;
				TargetAttributes = {
					293A7D301CA7A85D009A792E = {
						CreatedOnToolsVersion = 7.2;
					};
					293A7D441CA7A85D009A792E = {
						CreatedOnToolsVersion = 7.2;
						TestTargetID = 293A7D301CA7A85D009A792E;
					};
					293A7D4F1CA7A85D009A792E = {
						CreatedOnToolsVersion = 7.2;
						TestTargetID = 293A7D301CA7A85D009A792E;
					};
				};
			};
			buildConfigurationList = 293A7D2C1CA7A85D009A792E /* Build configuration list for PBXProject "Dron" */;
			compatibilityVersion = "Xcode 3.2";
			developmentRegion = English;
			hasScannedForEncodings = 0;
			knownRegions = (
				en,
				Base,
			);
			mainGroup = 293A7D281CA7A85D009A792E;
			productRefGroup = 293A7D321CA7A85D009A792E /* Products */;
			projectDirPath = "";
			projectRoot = "";
			targets = (
				293A7D301CA7A85D009A792E /* Dron */,
				293A7D441CA7A85D009A792E /* DronTests */,
				293A7D4F1CA7A85D009A792E /* DronUITests */,
			);
		};
/* End PBXProject section */

/* Begin PBXResourcesBuildPhase section */
		293A7D2F1CA7A85D009A792E /* Resources */ = {
			isa = PBXResourcesBuildPhase;
			buildActionMask = 2147483647;
			files = (
				296E87921CC6C7490058B246 /* Main.storyboard in Resources */,
				293A7D3F1CA7A85D009A792E /* LaunchScreen.storyboard in Resources */,
				293A7D3C1CA7A85D009A792E /* Assets.xcassets in Resources */,
			);
			runOnlyForDeploymentPostprocessing = 0;
		};
		293A7D431CA7A85D009A792E /* Resources */ = {
			isa = PBXResourcesBuildPhase;
			buildActionMask = 2147483647;
			files = (
			);
			runOnlyForDeploymentPostprocessing = 0;
		};
		293A7D4E1CA7A85D009A792E /* Resources */ = {
			isa = PBXResourcesBuildPhase;
			buildActionMask = 2147483647;
			files = (
			);
			runOnlyForDeploymentPostprocessing = 0;
		};
/* End PBXResourcesBuildPhase section */

/* Begin PBXSourcesBuildPhase section */
		293A7D2D1CA7A85D009A792E /* Sources */ = {
			isa = PBXSourcesBuildPhase;
			buildActionMask = 2147483647;
			files = (
				29BC9BC01CC6C40900AC2DEE /* VC_ConnectMenu.swift in Sources */,
				293A7D371CA7A85D009A792E /* ViewController.swift in Sources */,
				296E87941CC739000058B246 /* VC_SettingMenu.swift in Sources */,
				293A7D351CA7A85D009A792E /* AppDelegate.swift in Sources */,
			);
			runOnlyForDeploymentPostprocessing = 0;
		};
		293A7D411CA7A85D009A792E /* Sources */ = {
			isa = PBXSourcesBuildPhase;
			buildActionMask = 2147483647;
			files = (
				293A7D4A1CA7A85D009A792E /* DronTests.swift in Sources */,
			);
			runOnlyForDeploymentPostprocessing = 0;
		};
		293A7D4C1CA7A85D009A792E /* Sources */ = {
			isa = PBXSourcesBuildPhase;
			buildActionMask = 2147483647;
			files = (
				293A7D551CA7A85D009A792E /* DronUITests.swift in Sources */,
			);
			runOnlyForDeploymentPostprocessing = 0;
		};
/* End PBXSourcesBuildPhase section */

/* Begin PBXTargetDependency section */
		293A7D471CA7A85D009A792E /* PBXTargetDependency */ = {
			isa = PBXTargetDependency;
			target = 293A7D301CA7A85D009A792E /* Dron */;
			targetProxy = 293A7D461CA7A85D009A792E /* PBXContainerItemProxy */;
		};
		293A7D521CA7A85D009A792E /* PBXTargetDependency */ = {
			isa = PBXTargetDependency;
			target = 293A7D301CA7A85D009A792E /* Dron */;
			targetProxy = 293A7D511CA7A85D009A792E /* PBXContainerItemProxy */;
		};
/* End PBXTargetDependency section */

/* Begin PBXVariantGroup section */
		293A7D3D1CA7A85D009A792E /* LaunchScreen.storyboard */ = {
			isa = PBXVariantGroup;
			children = (
				293A7D3E1CA7A85D009A792E /* Base */,
			);
			name = LaunchScreen.storyboard;
			sourceTree = "<group>";
		};
		296E87901CC6C7490058B246 /* Main.storyboard */ = {
			isa = PBXVariantGroup;
			children = (
				296E87911CC6C7490058B246 /* Base */,
			);
			name = Main.storyboard;
			sourceTree = "<group>";
		};
/* End PBXVariantGroup section */

/* Begin XCBuildConfiguration section */
		293A7D571CA7A85D009A792E /* Debug */ = {
			isa = XCBuildConfiguration;
			buildSettings = {
				ALWAYS_SEARCH_USER_PATHS = NO;
				CLANG_CXX_LANGUAGE_STANDARD = "gnu++0x";
				CLANG_CXX_LIBRARY = "libc++";
				CLANG_ENABLE_MODULES = YES;
				CLANG_ENABLE_OBJC_ARC = YES;
				CLANG_WARN_BOOL_CONVERSION = YES;
				CLANG_WARN_CONSTANT_CONVERSION = YES;
				CLANG_WARN_DIRECT_OBJC_ISA_USAGE = YES_ERROR;
				CLANG_WARN_EMPTY_BODY = YES;
				CLANG_WARN_ENUM_CONVERSION = YES;
				CLANG_WARN_INT_CONVERSION = YES;
				CLANG_WARN_OBJC_ROOT_CLASS = YES_ERROR;
				CLANG_WARN_UNREACHABLE_CODE = YES;
				CLANG_WARN__DUPLICATE_METHOD_MATCH = YES;
				"CODE_SIGN_IDENTITY[sdk=iphoneos*]" = "iPhone Developer";
				COPY_PHASE_STRIP = NO;
				DEBUG_INFORMATION_FORMAT = dwarf;
				ENABLE_STRICT_OBJC_MSGSEND = YES;
				ENABLE_TESTABILITY = YES;
				GCC_C_LANGUAGE_STANDARD = gnu99;
				GCC_DYNAMIC_NO_PIC = NO;
				GCC_NO_COMMON_BLOCKS = YES;
				GCC_OPTIMIZATION_LEVEL = 0;
				GCC_PREPROCESSOR_DEFINITIONS = (
					"DEBUG=1",
					"$(inherited)",
				);
				GCC_WARN_64_TO_32_BIT_CONVERSION = YES;
				GCC_WARN_ABOUT_RETURN_TYPE = YES_ERROR;
				GCC_WARN_UNDECLARED_SELECTOR = YES;
				GCC_WARN_UNINITIALIZED_AUTOS = YES_AGGRESSIVE;
				GCC_WARN_UNUSED_FUNCTION = YES;
				GCC_WARN_UNUSED_VARIABLE = YES;
				IPHONEOS_DEPLOYMENT_TARGET = 9.2;
				MTL_ENABLE_DEBUG_INFO = YES;
				ONLY_ACTIVE_ARCH = YES;
				SDKROOT = iphoneos;
				SWIFT_OPTIMIZATION_LEVEL = "-Onone";
			};
			name = Debug;
		};
		293A7D581CA7A85D009A792E /* Release */ = {
			isa = XCBuildConfiguration;
			buildSettings = {
				ALWAYS_SEARCH_USER_PATHS = NO;
				CLANG_CXX_LANGUAGE_STANDARD = "gnu++0x";
				CLANG_CXX_LIBRARY = "libc++";
				CLANG_ENABLE_MODULES = YES;
				CLANG_ENABLE_OBJC_ARC = YES;
				CLANG_WARN_BOOL_CONVERSION = YES;
				CLANG_WARN_CONSTANT_CONVERSION = YES;
				CLANG_WARN_DIRECT_OBJC_ISA_USAGE = YES_ERROR;
				CLANG_WARN_EMPTY_BODY = YES;
				CLANG_WARN_ENUM_CONVERSION = YES;
				CLANG_WARN_INT_CONVERSION = YES;
				CLANG_WARN_OBJC_ROOT_CLASS = YES_ERROR;
				CLANG_WARN_UNREACHABLE_CODE = YES;
				CLANG_WARN__DUPLICATE_METHOD_MATCH = YES;
				"CODE_SIGN_IDENTITY[sdk=iphoneos*]" = "iPhone Developer";
				COPY_PHASE_STRIP = NO;
				DEBUG_INFORMATION_FORMAT = "dwarf-with-dsym";
				ENABLE_NS_ASSERTIONS = NO;
				ENABLE_STRICT_OBJC_MSGSEND = YES;
				GCC_C_LANGUAGE_STANDARD = gnu99;
				GCC_NO_COMMON_BLOCKS = YES;
				GCC_WARN_64_TO_32_BIT_CONVERSION = YES;
				GCC_WARN_ABOUT_RETURN_TYPE = YES_ERROR;
				GCC_WARN_UNDECLARED_SELECTOR = YES;
				GCC_WARN_UNINITIALIZED_AUTOS = YES_AGGRESSIVE;
				GCC_WARN_UNUSED_FUNCTION = YES;
				GCC_WARN_UNUSED_VARIABLE = YES;
				IPHONEOS_DEPLOYMENT_TARGET = 9.2;
				MTL_ENABLE_DEBUG_INFO = NO;
				SDKROOT = iphoneos;
				VALIDATE_PRODUCT = YES;
			};
			name = Release;
		};
		293A7D5A1CA7A85D009A792E /* Debug */ = {
			isa = XCBuildConfiguration;
			buildSettings = {
				ASSETCATALOG_COMPILER_APPICON_NAME = AppIcon;
				INFOPLIST_FILE = Dron/Info.plist;
				LD_RUNPATH_SEARCH_PATHS = "$(inherited) @executable_path/Frameworks";
				PRODUCT_BUNDLE_IDENTIFIER = d.Dron;
				PRODUCT_NAME = "$(TARGET_NAME)";
			};
			name = Debug;
		};
		293A7D5B1CA7A85D009A792E /* Release */ = {
			isa = XCBuildConfiguration;
			buildSettings = {
				ASSETCATALOG_COMPILER_APPICON_NAME = AppIcon;
				INFOPLIST_FILE = Dron/Info.plist;
				LD_RUNPATH_SEARCH_PATHS = "$(inherited) @executable_path/Frameworks";
				PRODUCT_BUNDLE_IDENTIFIER = d.Dron;
				PRODUCT_NAME = "$(TARGET_NAME)";
			};
			name = Release;
		};
		293A7D5D1CA7A85D009A792E /* Debug */ = {
			isa = XCBuildConfiguration;
			buildSettings = {
				BUNDLE_LOADER = "$(TEST_HOST)";
				INFOPLIST_FILE = DronTests/Info.plist;
				LD_RUNPATH_SEARCH_PATHS = "$(inherited) @executable_path/Frameworks @loader_path/Frameworks";
				PRODUCT_BUNDLE_IDENTIFIER = d.DronTests;
				PRODUCT_NAME = "$(TARGET_NAME)";
				TEST_HOST = "$(BUILT_PRODUCTS_DIR)/Dron.app/Dron";
			};
			name = Debug;
		};
		293A7D5E1CA7A85D009A792E /* Release */ = {
			isa = XCBuildConfiguration;
			buildSettings = {
				BUNDLE_LOADER = "$(TEST_HOST)";
				INFOPLIST_FILE = DronTests/Info.plist;
				LD_RUNPATH_SEARCH_PATHS = "$(inherited) @executable_path/Frameworks @loader_path/Frameworks";
				PRODUCT_BUNDLE_IDENTIFIER = d.DronTests;
				PRODUCT_NAME = "$(TARGET_NAME)";
				TEST_HOST = "$(BUILT_PRODUCTS_DIR)/Dron.app/Dron";
			};
			name = Release;
		};
		293A7D601CA7A85D009A792E /* Debug */ = {
			isa = XCBuildConfiguration;
			buildSettings = {
				INFOPLIST_FILE = DronUITests/Info.plist;
				LD_RUNPATH_SEARCH_PATHS = "$(inherited) @executable_path/Frameworks @loader_path/Frameworks";
				PRODUCT_BUNDLE_IDENTIFIER = d.DronUITests;
				PRODUCT_NAME = "$(TARGET_NAME)";
				TEST_TARGET_NAME = Dron;
				USES_XCTRUNNER = YES;
			};
			name = Debug;
		};
		293A7D611CA7A85D009A792E /* Release */ = {
			isa = XCBuildConfiguration;
			buildSettings = {
				INFOPLIST_FILE = DronUITests/Info.plist;
				LD_RUNPATH_SEARCH_PATHS = "$(inherited) @executable_path/Frameworks @loader_path/Frameworks";
				PRODUCT_BUNDLE_IDENTIFIER = d.DronUITests;
				PRODUCT_NAME = "$(TARGET_NAME)";
				TEST_TARGET_NAME = Dron;
				USES_XCTRUNNER = YES;
			};
			name = Release;
		};
/* End XCBuildConfiguration section */

/* Begin XCConfigurationList section */
		293A7D2C1CA7A85D009A792E /* Build configuration list for PBXProject "Dron" */ = {
			isa = XCConfigurationList;
			buildConfigurations = (
				293A7D571CA7A85D009A792E /* Debug */,
				293A7D581CA7A85D009A792E /* Release */,
			);
			defaultConfigurationIsVisible = 0;
			defaultConfigurationName = Release;
		};
		293A7D591CA7A85D009A792E /* Build configuration list for PBXNativeTarget "Dron" */ = {
			isa = XCConfigurationList;
			buildConfigurations = (
				293A7D5A1CA7A85D009A792E /* Debug */,
				293A7D5B1CA7A85D009A792E /* Release */,
			);
			defaultConfigurationIsVisible = 0;
			defaultConfigurationName = Release;
		};
		293A7D5C1CA7A85D009A792E /* Build configuration list for PBXNativeTarget "DronTests" */ = {
			isa = XCConfigurationList;
			buildConfigurations = (
				293A7D5D1CA7A85D009A792E /* Debug */,
				293A7D5E1CA7A85D009A792E /* Release */,
			);
			defaultConfigurationIsVisible = 0;
			defaultConfigurationName = Release;
		};
		293A7D5F1CA7A85D009A792E /* Build configuration list for PBXNativeTarget "DronUITests" */ = {
			isa = XCConfigurationList;
			buildConfigurations = (
				293A7D601CA7A85D009A792E /* Debug */,
				293A7D611CA7A85D009A792E /* Release */,
			);
			defaultConfigurationIsVisible = 0;
			defaultConfigurationName = Release;
		};
/* End XCConfigurationList section */
	};
	rootObject = 293A7D291CA7A85D009A792E /* Project object */;
}
